DEPENDENCIES
  apache
  chef-dk
  git
  golang
  iptables
  man
  mercurial
  mongodb
  mysql
  ndenv
    git: https://github.com/mostlyfine/chef-ndenv.git
    revision: ba19a8a0200bf062ac8fb8f06d58152c74515066
  nginx
  php
  php-fpm
  plenv
    git: https://github.com/takkyuuplayer/chef-plenv.git
    revision: 2466574f7b3344e01c248fc2b51e676a9f8b5d4d
  rbenv
    git: https://github.com/fnichol/chef-rbenv.git
    revision: 0a3018634bafe58ad21c6ee271af015220e444b9
  redmine2
  remi
    git: https://github.com/DQNEO/cookbook-remi.git
    revision: da2f446b53865f7a754092740f079d40470460c5
  resolv
    path: site-cookbooks/resolv
  ruby_build
  screen
  selinux
  sqlite
  subversion (~> 1.3.0)
  tmux
  vim
  yum
  yum-epel
  zsh

GRAPH
  apache (0.0.5)
    apache2 (>= 0.0.0)
  apache2 (2.0.0)
    iptables (>= 0.0.0)
    logrotate (>= 0.0.0)
    pacman (>= 0.0.0)
  apt (2.6.1)
  aws (2.5.0)
  bluepill (2.3.1)
    rsyslog (>= 0.0.0)
  build-essential (2.1.3)
  certificate (0.6.3)
  chef-dk (3.0.0)
    dmg (~> 2.2)
  chef-sugar (2.5.0)
  chef_handler (1.1.6)
  database (2.3.0)
    aws (>= 0.0.0)
    mysql (>= 5.0.0)
    mysql-chef_gem (>= 0.0.0)
    postgresql (>= 1.0.0)
    xfs (>= 0.0.0)
  dmg (2.2.2)
  git (4.1.0)
    build-essential (>= 0.0.0)
    dmg (>= 0.0.0)
    runit (>= 1.0)
    windows (>= 0.0.0)
    yum (~> 3.0)
    yum-epel (>= 0.0.0)
  golang (1.5.0)
  iis (2.1.6)
    windows (>= 1.34.6)
  iptables (0.14.1)
  java (1.29.0)
  logrotate (1.7.0)
  man (0.7.0)
  mercurial (2.0.4)
    build-essential (>= 0.0.0)
    python (>= 0.0.0)
    windows (>= 0.0.0)
  mongodb (0.16.2)
    apt (>= 1.8.2)
    python (>= 0.0.0)
    runit (>= 1.5.0)
    yum (>= 3.0)
  mysql (6.0.6)
    smf (>= 0.0.0)
    yum-mysql-community (>= 0.0.0)
  mysql-chef_gem (1.0.0)
    build-essential (>= 0.0.0)
  ndenv (0.1.0)
  nginx (2.7.4)
    apt (~> 2.2)
    bluepill (~> 2.3)
    build-essential (~> 2.0)
    ohai (~> 2.0)
    runit (~> 1.2)
    yum-epel (~> 0.3)
  ohai (2.0.1)
  openssl (2.0.2)
    chef-sugar (>= 0.0.0)
  pacman (1.1.1)
  php (1.5.0)
    build-essential (>= 0.0.0)
    iis (>= 0.0.0)
    mysql (>= 0.0.0)
    windows (>= 0.0.0)
    xml (>= 0.0.0)
    yum-epel (>= 0.0.0)
  php-fpm (0.7.0)
    apt (>= 0.0.0)
    yum (>= 3.0)
  plenv (0.1.0)
  postgresql (3.4.14)
    apt (>= 1.9.0)
    build-essential (>= 0.0.0)
    openssl (>= 0.0.0)
  python (1.4.6)
    build-essential (>= 0.0.0)
    yum-epel (>= 0.0.0)
  rbac (1.0.2)
  rbenv (0.7.3)
    java (> 1.4.0)
    ruby_build (>= 0.0.0)
  redmine2 (0.4.2)
    certificate (>= 0.0.0)
    database (>= 0.0.0)
    iptables (>= 0.0.0)
    mysql (>= 0.0.0)
    nginx (>= 0.0.0)
    postgresql (>= 0.0.0)
    rbenv (>= 0.0.0)
    ruby_build (>= 0.0.0)
    runit (>= 0.0.0)
    sqlite (>= 0.0.0)
  remi (1.0.0)
    yum-epel (>= 0.0.0)
  resolv (0.1.0)
  rsyslog (1.13.0)
  ruby_build (0.8.0)
  runit (1.5.12)
    build-essential (>= 0.0.0)
    yum (~> 3.0)
    yum-epel (>= 0.0.0)
  screen (0.8.0)
    build-essential (>= 0.0.0)
    git (>= 0.0.0)
  selinux (0.8.0)
  smf (2.2.1)
    rbac (>= 1.0.1)
    resource-control (>= 0.0.0)
  sqlite (1.1.0)
  subversion (1.3.0)
    apache2 (~> 2.0.0)
    windows (~> 1.10)
  tmux (1.4.0)
  vim (1.1.2)
  windows (1.36.1)
    chef_handler (>= 0.0.0)
  xfs (1.1.0)
  xml (1.2.9)
    build-essential (>= 0.0.0)
    chef-sugar (>= 0.0.0)
  yum (3.5.2)
  yum-epel (0.6.0)
    yum (~> 3.0)
  yum-mysql-community (0.1.11)
    yum (>= 3.0)
  zsh (1.0.1)
